
Microsoft Visual Studio Solution File, Format Version 12.00
# Visual Studio 15
VisualStudioVersion = 15.0.28307.1000
MinimumVisualStudioVersion = 10.0.40219.1
Project("{FAE04EC0-301F-11D3-BF4B-00C04F79EFBC}") = "FirstProject", "WebApplication2\FirstProject.csproj", "{C6FC4777-CF38-479C-955A-F76247223C4C}"
EndProject
Global
	GlobalSection(SolutionConfigurationPlatforms) = preSolution
		Debug|Any CPU = Debug|Any CPU
		Release|Any CPU = Release|Any CPU
	EndGlobalSection
	GlobalSection(ProjectConfigurationPlatforms) = postSolution
		{C6FC4777-CF38-479C-955A-F76247223C4C}.Debug|Any CPU.ActiveCfg = Debug|Any CPU
		{C6FC4777-CF38-479C-955A-F76247223C4C}.Debug|Any CPU.Build.0 = Debug|Any CPU
		{C6FC4777-CF38-479C-955A-F76247223C4C}.Release|Any CPU.ActiveCfg = Release|Any CPU
		{C6FC4777-CF38-479C-955A-F76247223C4C}.Release|Any CPU.Build.0 = Release|Any CPU
	EndGlobalSection
	GlobalSection(SolutionProperties) = preSolution
		HideSolutionNode = FALSE
	EndGlobalSection
	GlobalSection(ExtensibilityGlobals) = postSolution
		SolutionGuid = {19FA2A5E-F756-4ACF-ACBF-D81CAF11479C}
	EndGlobalSection
EndGlobal
